
Microsoft Visual Studio Solution File, Format Version 12.00
# Visual Studio Version 16
VisualStudioVersion = 16.0.28527.54
MinimumVisualStudioVersion = 10.0.40219.1
Project("{FAE04EC0-301F-11D3-BF4B-00C04F79EFBC}") = "ftp client", "ftp client\ftp client.csproj", "{44A5476D-CC84-4BEC-8CEA-1800FEC74C34}"
EndProject
Global
	GlobalSection(SolutionConfigurationPlatforms) = preSolution
		Debug|Any CPU = Debug|Any CPU
		Release|Any CPU = Release|Any CPU
	EndGlobalSection
	GlobalSection(ProjectConfigurationPlatforms) = postSolution
		{44A5476D-CC84-4BEC-8CEA-1800FEC74C34}.Debug|Any CPU.ActiveCfg = Debug|Any CPU
		{44A5476D-CC84-4BEC-8CEA-1800FEC74C34}.Debug|Any CPU.Build.0 = Debug|Any CPU
		{44A5476D-CC84-4BEC-8CEA-1800FEC74C34}.Release|Any CPU.ActiveCfg = Release|Any CPU
		{44A5476D-CC84-4BEC-8CEA-1800FEC74C34}.Release|Any CPU.Build.0 = Release|Any CPU
	EndGlobalSection
	GlobalSection(SolutionProperties) = preSolution
		HideSolutionNode = FALSE
	EndGlobalSection
	GlobalSection(ExtensibilityGlobals) = postSolution
		SolutionGuid = {D1270031-1E85-4276-B085-39B21D02A86B}
	EndGlobalSection
EndGlobal
